
Microsoft Visual Studio Solution File, Format Version 12.00
# Visual Studio Version 17
VisualStudioVersion = 17.9.34728.123
MinimumVisualStudioVersion = 10.0.40219.1
Project("{FAE04EC0-301F-11D3-BF4B-00C04F79EFBC}") = "Model_5", "Model_5\Model_5.csproj", "{BEF5B925-3C9C-49E8-AAA7-CF9F478E153A}"
EndProject
Global
	GlobalSection(SolutionConfigurationPlatforms) = preSolution
		Debug|Any CPU = Debug|Any CPU
		Release|Any CPU = Release|Any CPU
	EndGlobalSection
	GlobalSection(ProjectConfigurationPlatforms) = postSolution
		{BEF5B925-3C9C-49E8-AAA7-CF9F478E153A}.Debug|Any CPU.ActiveCfg = Debug|Any CPU
		{BEF5B925-3C9C-49E8-AAA7-CF9F478E153A}.Debug|Any CPU.Build.0 = Debug|Any CPU
		{BEF5B925-3C9C-49E8-AAA7-CF9F478E153A}.Release|Any CPU.ActiveCfg = Release|Any CPU
		{BEF5B925-3C9C-49E8-AAA7-CF9F478E153A}.Release|Any CPU.Build.0 = Release|Any CPU
	EndGlobalSection
	GlobalSection(SolutionProperties) = preSolution
		HideSolutionNode = FALSE
	EndGlobalSection
	GlobalSection(ExtensibilityGlobals) = postSolution
		SolutionGuid = {592C7A0F-6CAD-42AE-94D3-125C91E9055B}
	EndGlobalSection
EndGlobal
