
Microsoft Visual Studio Solution File, Format Version 12.00
# Visual Studio Version 17
VisualStudioVersion = 17.7.34202.233
MinimumVisualStudioVersion = 10.0.40219.1
Project("{FAE04EC0-301F-11D3-BF4B-00C04F79EFBC}") = "Seminar2", "Seminar2\Seminar2.csproj", "{36340702-3710-4200-BBDE-436313AF889B}"
EndProject
Global
	GlobalSection(SolutionConfigurationPlatforms) = preSolution
		Debug|Any CPU = Debug|Any CPU
		Release|Any CPU = Release|Any CPU
	EndGlobalSection
	GlobalSection(ProjectConfigurationPlatforms) = postSolution
		{36340702-3710-4200-BBDE-436313AF889B}.Debug|Any CPU.ActiveCfg = Debug|Any CPU
		{36340702-3710-4200-BBDE-436313AF889B}.Debug|Any CPU.Build.0 = Debug|Any CPU
		{36340702-3710-4200-BBDE-436313AF889B}.Release|Any CPU.ActiveCfg = Release|Any CPU
		{36340702-3710-4200-BBDE-436313AF889B}.Release|Any CPU.Build.0 = Release|Any CPU
	EndGlobalSection
	GlobalSection(SolutionProperties) = preSolution
		HideSolutionNode = FALSE
	EndGlobalSection
	GlobalSection(ExtensibilityGlobals) = postSolution
		SolutionGuid = {D7C368A1-C23F-4265-8E2D-616F28EBE2AB}
	EndGlobalSection
EndGlobal
