
Microsoft Visual Studio Solution File, Format Version 12.00
# Visual Studio Version 17
VisualStudioVersion = 17.7.34202.233
MinimumVisualStudioVersion = 10.0.40219.1
Project("{FAE04EC0-301F-11D3-BF4B-00C04F79EFBC}") = "Seminar4", "Seminar4\Seminar4.csproj", "{75E80CB0-368B-41ED-BAFA-3BE39CFAF19F}"
EndProject
Global
	GlobalSection(SolutionConfigurationPlatforms) = preSolution
		Debug|Any CPU = Debug|Any CPU
		Release|Any CPU = Release|Any CPU
	EndGlobalSection
	GlobalSection(ProjectConfigurationPlatforms) = postSolution
		{75E80CB0-368B-41ED-BAFA-3BE39CFAF19F}.Debug|Any CPU.ActiveCfg = Debug|Any CPU
		{75E80CB0-368B-41ED-BAFA-3BE39CFAF19F}.Debug|Any CPU.Build.0 = Debug|Any CPU
		{75E80CB0-368B-41ED-BAFA-3BE39CFAF19F}.Release|Any CPU.ActiveCfg = Release|Any CPU
		{75E80CB0-368B-41ED-BAFA-3BE39CFAF19F}.Release|Any CPU.Build.0 = Release|Any CPU
	EndGlobalSection
	GlobalSection(SolutionProperties) = preSolution
		HideSolutionNode = FALSE
	EndGlobalSection
	GlobalSection(ExtensibilityGlobals) = postSolution
		SolutionGuid = {AA82B14F-5D9E-4FEC-BBA3-7F761B5A04EA}
	EndGlobalSection
EndGlobal
