
Microsoft Visual Studio Solution File, Format Version 12.00
# Visual Studio Version 17
VisualStudioVersion = 17.7.34202.233
MinimumVisualStudioVersion = 10.0.40219.1
Project("{FAE04EC0-301F-11D3-BF4B-00C04F79EFBC}") = "Seminar3_DesignerIntro", "Seminar3_DesignerIntro\Seminar3_DesignerIntro.csproj", "{C1D46C01-C3CB-4B90-87AC-7EBE37ADFE2F}"
EndProject
Global
	GlobalSection(SolutionConfigurationPlatforms) = preSolution
		Debug|Any CPU = Debug|Any CPU
		Release|Any CPU = Release|Any CPU
	EndGlobalSection
	GlobalSection(ProjectConfigurationPlatforms) = postSolution
		{C1D46C01-C3CB-4B90-87AC-7EBE37ADFE2F}.Debug|Any CPU.ActiveCfg = Debug|Any CPU
		{C1D46C01-C3CB-4B90-87AC-7EBE37ADFE2F}.Debug|Any CPU.Build.0 = Debug|Any CPU
		{C1D46C01-C3CB-4B90-87AC-7EBE37ADFE2F}.Release|Any CPU.ActiveCfg = Release|Any CPU
		{C1D46C01-C3CB-4B90-87AC-7EBE37ADFE2F}.Release|Any CPU.Build.0 = Release|Any CPU
	EndGlobalSection
	GlobalSection(SolutionProperties) = preSolution
		HideSolutionNode = FALSE
	EndGlobalSection
	GlobalSection(ExtensibilityGlobals) = postSolution
		SolutionGuid = {8144C0C6-4511-42C3-927B-32C516537237}
	EndGlobalSection
EndGlobal
